
Microsoft Visual Studio Solution File, Format Version 12.00
# Visual Studio Version 17
VisualStudioVersion = 17.10.35122.118
MinimumVisualStudioVersion = 10.0.40219.1
Project("{FAE04EC0-301F-11D3-BF4B-00C04F79EFBC}") = "DesignPrinciple", "DesignPrinciple.csproj", "{23303214-F632-4CC9-B2ED-7D72BB7A1027}"
EndProject
Global
	GlobalSection(SolutionConfigurationPlatforms) = preSolution
		Debug|Any CPU = Debug|Any CPU
		Release|Any CPU = Release|Any CPU
	EndGlobalSection
	GlobalSection(ProjectConfigurationPlatforms) = postSolution
		{23303214-F632-4CC9-B2ED-7D72BB7A1027}.Debug|Any CPU.ActiveCfg = Debug|Any CPU
		{23303214-F632-4CC9-B2ED-7D72BB7A1027}.Debug|Any CPU.Build.0 = Debug|Any CPU
		{23303214-F632-4CC9-B2ED-7D72BB7A1027}.Release|Any CPU.ActiveCfg = Release|Any CPU
		{23303214-F632-4CC9-B2ED-7D72BB7A1027}.Release|Any CPU.Build.0 = Release|Any CPU
	EndGlobalSection
	GlobalSection(SolutionProperties) = preSolution
		HideSolutionNode = FALSE
	EndGlobalSection
	GlobalSection(ExtensibilityGlobals) = postSolution
		SolutionGuid = {F7630253-B6CA-4F21-85FF-A6D083D81F7F}
	EndGlobalSection
EndGlobal
